
Microsoft Visual Studio Solution File, Format Version 12.00
# Visual Studio Version 17
VisualStudioVersion = 17.2.32616.157
MinimumVisualStudioVersion = 10.0.40219.1
Project("{8BC9CEB8-8B4A-11D0-8D11-00A0C91BC942}") = "自定义函数", "自定义函数\自定义函数.vcxproj", "{BF508A27-7ACE-4517-BBC8-D65BF70AE174}"
EndProject
Global
	GlobalSection(SolutionConfigurationPlatforms) = preSolution
		Debug|x64 = Debug|x64
		Debug|x86 = Debug|x86
		Release|x64 = Release|x64
		Release|x86 = Release|x86
	EndGlobalSection
	GlobalSection(ProjectConfigurationPlatforms) = postSolution
		{BF508A27-7ACE-4517-BBC8-D65BF70AE174}.Debug|x64.ActiveCfg = Debug|x64
		{BF508A27-7ACE-4517-BBC8-D65BF70AE174}.Debug|x64.Build.0 = Debug|x64
		{BF508A27-7ACE-4517-BBC8-D65BF70AE174}.Debug|x86.ActiveCfg = Debug|Win32
		{BF508A27-7ACE-4517-BBC8-D65BF70AE174}.Debug|x86.Build.0 = Debug|Win32
		{BF508A27-7ACE-4517-BBC8-D65BF70AE174}.Release|x64.ActiveCfg = Release|x64
		{BF508A27-7ACE-4517-BBC8-D65BF70AE174}.Release|x64.Build.0 = Release|x64
		{BF508A27-7ACE-4517-BBC8-D65BF70AE174}.Release|x86.ActiveCfg = Release|Win32
		{BF508A27-7ACE-4517-BBC8-D65BF70AE174}.Release|x86.Build.0 = Release|Win32
	EndGlobalSection
	GlobalSection(SolutionProperties) = preSolution
		HideSolutionNode = FALSE
	EndGlobalSection
	GlobalSection(ExtensibilityGlobals) = postSolution
		SolutionGuid = {3C10A1FA-7991-44A6-A492-047A4CA0C041}
	EndGlobalSection
EndGlobal
