
Microsoft Visual Studio Solution File, Format Version 12.00
# Visual Studio Version 17
VisualStudioVersion = 17.2.32616.157
MinimumVisualStudioVersion = 10.0.40219.1
Project("{8BC9CEB8-8B4A-11D0-8D11-00A0C91BC942}") = "不使用第三个变量交换a与b的值", "不使用第三个变量交换a与b的值\不使用第三个变量交换a与b的值.vcxproj", "{1F59E9F8-3B73-40AD-AECC-D5F892615280}"
EndProject
Global
	GlobalSection(SolutionConfigurationPlatforms) = preSolution
		Debug|x64 = Debug|x64
		Debug|x86 = Debug|x86
		Release|x64 = Release|x64
		Release|x86 = Release|x86
	EndGlobalSection
	GlobalSection(ProjectConfigurationPlatforms) = postSolution
		{1F59E9F8-3B73-40AD-AECC-D5F892615280}.Debug|x64.ActiveCfg = Debug|x64
		{1F59E9F8-3B73-40AD-AECC-D5F892615280}.Debug|x64.Build.0 = Debug|x64
		{1F59E9F8-3B73-40AD-AECC-D5F892615280}.Debug|x86.ActiveCfg = Debug|Win32
		{1F59E9F8-3B73-40AD-AECC-D5F892615280}.Debug|x86.Build.0 = Debug|Win32
		{1F59E9F8-3B73-40AD-AECC-D5F892615280}.Release|x64.ActiveCfg = Release|x64
		{1F59E9F8-3B73-40AD-AECC-D5F892615280}.Release|x64.Build.0 = Release|x64
		{1F59E9F8-3B73-40AD-AECC-D5F892615280}.Release|x86.ActiveCfg = Release|Win32
		{1F59E9F8-3B73-40AD-AECC-D5F892615280}.Release|x86.Build.0 = Release|Win32
	EndGlobalSection
	GlobalSection(SolutionProperties) = preSolution
		HideSolutionNode = FALSE
	EndGlobalSection
	GlobalSection(ExtensibilityGlobals) = postSolution
		SolutionGuid = {33F0C843-2804-4010-B38D-B0EDDD512873}
	EndGlobalSection
EndGlobal
