
Microsoft Visual Studio Solution File, Format Version 12.00
# Visual Studio Version 17
VisualStudioVersion = 17.2.32616.157
MinimumVisualStudioVersion = 10.0.40219.1
Project("{8BC9CEB8-8B4A-11D0-8D11-00A0C91BC942}") = "test_10_17", "test_10_17\test_10_17.vcxproj", "{162EE847-753E-471B-BD14-A13264F88592}"
EndProject
Global
	GlobalSection(SolutionConfigurationPlatforms) = preSolution
		Debug|x64 = Debug|x64
		Debug|x86 = Debug|x86
		Release|x64 = Release|x64
		Release|x86 = Release|x86
	EndGlobalSection
	GlobalSection(ProjectConfigurationPlatforms) = postSolution
		{162EE847-753E-471B-BD14-A13264F88592}.Debug|x64.ActiveCfg = Debug|x64
		{162EE847-753E-471B-BD14-A13264F88592}.Debug|x64.Build.0 = Debug|x64
		{162EE847-753E-471B-BD14-A13264F88592}.Debug|x86.ActiveCfg = Debug|Win32
		{162EE847-753E-471B-BD14-A13264F88592}.Debug|x86.Build.0 = Debug|Win32
		{162EE847-753E-471B-BD14-A13264F88592}.Release|x64.ActiveCfg = Release|x64
		{162EE847-753E-471B-BD14-A13264F88592}.Release|x64.Build.0 = Release|x64
		{162EE847-753E-471B-BD14-A13264F88592}.Release|x86.ActiveCfg = Release|Win32
		{162EE847-753E-471B-BD14-A13264F88592}.Release|x86.Build.0 = Release|Win32
	EndGlobalSection
	GlobalSection(SolutionProperties) = preSolution
		HideSolutionNode = FALSE
	EndGlobalSection
	GlobalSection(ExtensibilityGlobals) = postSolution
		SolutionGuid = {1D0142A2-3769-493D-868E-BC1598A7042B}
	EndGlobalSection
EndGlobal
