
Microsoft Visual Studio Solution File, Format Version 12.00
# Visual Studio Version 17
VisualStudioVersion = 17.2.32616.157
MinimumVisualStudioVersion = 10.0.40219.1
Project("{8BC9CEB8-8B4A-11D0-8D11-00A0C91BC942}") = "整形提升", "整形提升\整形提升.vcxproj", "{AB7FBD9D-9DE0-444E-9992-B4480BD58924}"
EndProject
Global
	GlobalSection(SolutionConfigurationPlatforms) = preSolution
		Debug|x64 = Debug|x64
		Debug|x86 = Debug|x86
		Release|x64 = Release|x64
		Release|x86 = Release|x86
	EndGlobalSection
	GlobalSection(ProjectConfigurationPlatforms) = postSolution
		{AB7FBD9D-9DE0-444E-9992-B4480BD58924}.Debug|x64.ActiveCfg = Debug|x64
		{AB7FBD9D-9DE0-444E-9992-B4480BD58924}.Debug|x64.Build.0 = Debug|x64
		{AB7FBD9D-9DE0-444E-9992-B4480BD58924}.Debug|x86.ActiveCfg = Debug|Win32
		{AB7FBD9D-9DE0-444E-9992-B4480BD58924}.Debug|x86.Build.0 = Debug|Win32
		{AB7FBD9D-9DE0-444E-9992-B4480BD58924}.Release|x64.ActiveCfg = Release|x64
		{AB7FBD9D-9DE0-444E-9992-B4480BD58924}.Release|x64.Build.0 = Release|x64
		{AB7FBD9D-9DE0-444E-9992-B4480BD58924}.Release|x86.ActiveCfg = Release|Win32
		{AB7FBD9D-9DE0-444E-9992-B4480BD58924}.Release|x86.Build.0 = Release|Win32
	EndGlobalSection
	GlobalSection(SolutionProperties) = preSolution
		HideSolutionNode = FALSE
	EndGlobalSection
	GlobalSection(ExtensibilityGlobals) = postSolution
		SolutionGuid = {E95EC824-2514-4F0E-9222-5D06719A3B34}
	EndGlobalSection
EndGlobal
