
Microsoft Visual Studio Solution File, Format Version 12.00
# Visual Studio Version 17
VisualStudioVersion = 17.2.32616.157
MinimumVisualStudioVersion = 10.0.40219.1
Project("{8BC9CEB8-8B4A-11D0-8D11-00A0C91BC942}") = "知道三角形三条边求面积", "知道三角形三条边求面积\知道三角形三条边求面积.vcxproj", "{DDE4272A-1B22-4EDA-B047-311861D4DDE4}"
EndProject
Global
	GlobalSection(SolutionConfigurationPlatforms) = preSolution
		Debug|x64 = Debug|x64
		Debug|x86 = Debug|x86
		Release|x64 = Release|x64
		Release|x86 = Release|x86
	EndGlobalSection
	GlobalSection(ProjectConfigurationPlatforms) = postSolution
		{DDE4272A-1B22-4EDA-B047-311861D4DDE4}.Debug|x64.ActiveCfg = Debug|x64
		{DDE4272A-1B22-4EDA-B047-311861D4DDE4}.Debug|x64.Build.0 = Debug|x64
		{DDE4272A-1B22-4EDA-B047-311861D4DDE4}.Debug|x86.ActiveCfg = Debug|Win32
		{DDE4272A-1B22-4EDA-B047-311861D4DDE4}.Debug|x86.Build.0 = Debug|Win32
		{DDE4272A-1B22-4EDA-B047-311861D4DDE4}.Release|x64.ActiveCfg = Release|x64
		{DDE4272A-1B22-4EDA-B047-311861D4DDE4}.Release|x64.Build.0 = Release|x64
		{DDE4272A-1B22-4EDA-B047-311861D4DDE4}.Release|x86.ActiveCfg = Release|Win32
		{DDE4272A-1B22-4EDA-B047-311861D4DDE4}.Release|x86.Build.0 = Release|Win32
	EndGlobalSection
	GlobalSection(SolutionProperties) = preSolution
		HideSolutionNode = FALSE
	EndGlobalSection
	GlobalSection(ExtensibilityGlobals) = postSolution
		SolutionGuid = {48BC1A27-AE73-4F37-BEF5-547654D59B91}
	EndGlobalSection
EndGlobal
