
Microsoft Visual Studio Solution File, Format Version 12.00
# Visual Studio Version 17
VisualStudioVersion = 17.2.32616.157
MinimumVisualStudioVersion = 10.0.40219.1
Project("{8BC9CEB8-8B4A-11D0-8D11-00A0C91BC942}") = "函数的递归", "函数的递归\函数的递归.vcxproj", "{FECFD202-FF1A-4601-B64B-3F7E697CA05E}"
EndProject
Global
	GlobalSection(SolutionConfigurationPlatforms) = preSolution
		Debug|x64 = Debug|x64
		Debug|x86 = Debug|x86
		Release|x64 = Release|x64
		Release|x86 = Release|x86
	EndGlobalSection
	GlobalSection(ProjectConfigurationPlatforms) = postSolution
		{FECFD202-FF1A-4601-B64B-3F7E697CA05E}.Debug|x64.ActiveCfg = Debug|x64
		{FECFD202-FF1A-4601-B64B-3F7E697CA05E}.Debug|x64.Build.0 = Debug|x64
		{FECFD202-FF1A-4601-B64B-3F7E697CA05E}.Debug|x86.ActiveCfg = Debug|Win32
		{FECFD202-FF1A-4601-B64B-3F7E697CA05E}.Debug|x86.Build.0 = Debug|Win32
		{FECFD202-FF1A-4601-B64B-3F7E697CA05E}.Release|x64.ActiveCfg = Release|x64
		{FECFD202-FF1A-4601-B64B-3F7E697CA05E}.Release|x64.Build.0 = Release|x64
		{FECFD202-FF1A-4601-B64B-3F7E697CA05E}.Release|x86.ActiveCfg = Release|Win32
		{FECFD202-FF1A-4601-B64B-3F7E697CA05E}.Release|x86.Build.0 = Release|Win32
	EndGlobalSection
	GlobalSection(SolutionProperties) = preSolution
		HideSolutionNode = FALSE
	EndGlobalSection
	GlobalSection(ExtensibilityGlobals) = postSolution
		SolutionGuid = {0696E94B-945E-41C0-BE93-5D7C9F21D41D}
	EndGlobalSection
EndGlobal
