
Microsoft Visual Studio Solution File, Format Version 12.00
# Visual Studio Version 17
VisualStudioVersion = 17.2.32616.157
MinimumVisualStudioVersion = 10.0.40219.1
Project("{8BC9CEB8-8B4A-11D0-8D11-00A0C91BC942}") = "test_11_5", "test_11_5\test_11_5.vcxproj", "{B686A398-A5D6-4845-80FB-3F26B8113EEA}"
EndProject
Global
	GlobalSection(SolutionConfigurationPlatforms) = preSolution
		Debug|x64 = Debug|x64
		Debug|x86 = Debug|x86
		Release|x64 = Release|x64
		Release|x86 = Release|x86
	EndGlobalSection
	GlobalSection(ProjectConfigurationPlatforms) = postSolution
		{B686A398-A5D6-4845-80FB-3F26B8113EEA}.Debug|x64.ActiveCfg = Debug|x64
		{B686A398-A5D6-4845-80FB-3F26B8113EEA}.Debug|x64.Build.0 = Debug|x64
		{B686A398-A5D6-4845-80FB-3F26B8113EEA}.Debug|x86.ActiveCfg = Debug|Win32
		{B686A398-A5D6-4845-80FB-3F26B8113EEA}.Debug|x86.Build.0 = Debug|Win32
		{B686A398-A5D6-4845-80FB-3F26B8113EEA}.Release|x64.ActiveCfg = Release|x64
		{B686A398-A5D6-4845-80FB-3F26B8113EEA}.Release|x64.Build.0 = Release|x64
		{B686A398-A5D6-4845-80FB-3F26B8113EEA}.Release|x86.ActiveCfg = Release|Win32
		{B686A398-A5D6-4845-80FB-3F26B8113EEA}.Release|x86.Build.0 = Release|Win32
	EndGlobalSection
	GlobalSection(SolutionProperties) = preSolution
		HideSolutionNode = FALSE
	EndGlobalSection
	GlobalSection(ExtensibilityGlobals) = postSolution
		SolutionGuid = {C7D9709C-3374-411E-B716-8A85F515785E}
	EndGlobalSection
EndGlobal
